
Microsoft Visual Studio Solution File, Format Version 11.00
# Visual Studio 2010
Project("{2150E333-8FDC-42A3-9474-1A3956D46DE8}") = "Solution Items", "Solution Items", "{41EA02CF-A4DB-4D20-AD2C-CBE02A5E5C25}"
	ProjectSection(SolutionItems) = preProject
		CSharpFactory.vsmdi = CSharpFactory.vsmdi
		LocalTestRun.testrunconfig = LocalTestRun.testrunconfig
	EndProjectSection
EndProject
Project("{FAE04EC0-301F-11D3-BF4B-00C04F79EFBC}") = "MetadataImportTestSubject", "MetadataImportTestSubject\MetadataImportTestSubject.csproj", "{E74A7D6D-CCF2-4015-B400-A5D63524D99B}"
EndProject
Project("{FAE04EC0-301F-11D3-BF4B-00C04F79EFBC}") = "CSharpTreeBuilder", "CSharpTreeBuilder\CSharpTreeBuilder.csproj", "{9EB8F858-6FA1-41D3-9FBB-74F20ADEAA6F}"
EndProject
Project("{FAE04EC0-301F-11D3-BF4B-00C04F79EFBC}") = "CSharpTreeBuilderTest", "CSharpTreeBuilderTest\CSharpTreeBuilderTest.csproj", "{769D51D9-B4FB-49FB-945D-D0D1255E98E6}"
EndProject
Global
	GlobalSection(TeamFoundationVersionControl) = preSolution
		SccNumberOfProjects = 4
		SccEnterpriseProvider = {4CA58AB2-18FA-4F8D-95D4-32DDF27D184C}
		SccTeamFoundationServer = https://tfs.codeplex.com/tfs/tfs03
		SccLocalPath0 = .
		SccProjectUniqueName1 = MetadataImportTestSubject\\MetadataImportTestSubject.csproj
		SccProjectName1 = MetadataImportTestSubject
		SccLocalPath1 = MetadataImportTestSubject
		SccProjectUniqueName2 = CSharpTreeBuilder\\CSharpTreeBuilder.csproj
		SccProjectName2 = CSharpTreeBuilder
		SccLocalPath2 = CSharpTreeBuilder
		SccProjectUniqueName3 = CSharpTreeBuilderTest\\CSharpTreeBuilderTest.csproj
		SccProjectName3 = CSharpTreeBuilderTest
		SccLocalPath3 = CSharpTreeBuilderTest
	EndGlobalSection
	GlobalSection(TestCaseManagementSettings) = postSolution
		CategoryFile = CSharpFactory.vsmdi
	EndGlobalSection
	GlobalSection(SolutionConfigurationPlatforms) = preSolution
		Debug|Any CPU = Debug|Any CPU
		Release|Any CPU = Release|Any CPU
	EndGlobalSection
	GlobalSection(ProjectConfigurationPlatforms) = postSolution
		{E74A7D6D-CCF2-4015-B400-A5D63524D99B}.Debug|Any CPU.ActiveCfg = Debug|Any CPU
		{E74A7D6D-CCF2-4015-B400-A5D63524D99B}.Debug|Any CPU.Build.0 = Debug|Any CPU
		{E74A7D6D-CCF2-4015-B400-A5D63524D99B}.Release|Any CPU.ActiveCfg = Release|Any CPU
		{E74A7D6D-CCF2-4015-B400-A5D63524D99B}.Release|Any CPU.Build.0 = Release|Any CPU
		{9EB8F858-6FA1-41D3-9FBB-74F20ADEAA6F}.Debug|Any CPU.ActiveCfg = Debug|Any CPU
		{9EB8F858-6FA1-41D3-9FBB-74F20ADEAA6F}.Debug|Any CPU.Build.0 = Debug|Any CPU
		{9EB8F858-6FA1-41D3-9FBB-74F20ADEAA6F}.Release|Any CPU.ActiveCfg = Release|Any CPU
		{9EB8F858-6FA1-41D3-9FBB-74F20ADEAA6F}.Release|Any CPU.Build.0 = Release|Any CPU
		{769D51D9-B4FB-49FB-945D-D0D1255E98E6}.Debug|Any CPU.ActiveCfg = Debug|Any CPU
		{769D51D9-B4FB-49FB-945D-D0D1255E98E6}.Debug|Any CPU.Build.0 = Debug|Any CPU
		{769D51D9-B4FB-49FB-945D-D0D1255E98E6}.Release|Any CPU.ActiveCfg = Release|Any CPU
		{769D51D9-B4FB-49FB-945D-D0D1255E98E6}.Release|Any CPU.Build.0 = Release|Any CPU
	EndGlobalSection
	GlobalSection(SolutionProperties) = preSolution
		HideSolutionNode = FALSE
	EndGlobalSection
EndGlobal
